
Microsoft Visual Studio Solution File, Format Version 12.00
# Visual Studio Version 16
VisualStudioVersion = 16.0.31729.503
MinimumVisualStudioVersion = 10.0.40219.1
Project("{FAE04EC0-301F-11D3-BF4B-00C04F79EFBC}") = "DoAnQuanLyNhanVien", "DoAnQuanLyNhanVien\DoAnQuanLyNhanVien.csproj", "{38289A5B-0EE8-43BC-BB36-0CA8F838B6C5}"
EndProject
Global
	GlobalSection(SolutionConfigurationPlatforms) = preSolution
		Debug|Any CPU = Debug|Any CPU
		Release|Any CPU = Release|Any CPU
	EndGlobalSection
	GlobalSection(ProjectConfigurationPlatforms) = postSolution
		{38289A5B-0EE8-43BC-BB36-0CA8F838B6C5}.Debug|Any CPU.ActiveCfg = Debug|Any CPU
		{38289A5B-0EE8-43BC-BB36-0CA8F838B6C5}.Debug|Any CPU.Build.0 = Debug|Any CPU
		{38289A5B-0EE8-43BC-BB36-0CA8F838B6C5}.Release|Any CPU.ActiveCfg = Release|Any CPU
		{38289A5B-0EE8-43BC-BB36-0CA8F838B6C5}.Release|Any CPU.Build.0 = Release|Any CPU
	EndGlobalSection
	GlobalSection(SolutionProperties) = preSolution
		HideSolutionNode = FALSE
	EndGlobalSection
	GlobalSection(ExtensibilityGlobals) = postSolution
		SolutionGuid = {802A7FBA-2D81-4F49-847B-5CC7CD1316C4}
	EndGlobalSection
EndGlobal
